
Microsoft Visual Studio Solution File, Format Version 12.00
# Visual Studio Version 16
VisualStudioVersion = 16.0.29613.14
MinimumVisualStudioVersion = 10.0.40219.1
Project("{FAE04EC0-301F-11D3-BF4B-00C04F79EFBC}") = "ConsoleApp1", "ConsoleApp1.csproj", "{E0F43B88-8FE8-411D-998E-54D9DF6DC71E}"
EndProject
Global
	GlobalSection(SolutionConfigurationPlatforms) = preSolution
		Debug|Any CPU = Debug|Any CPU
		Release|Any CPU = Release|Any CPU
	EndGlobalSection
	GlobalSection(ProjectConfigurationPlatforms) = postSolution
		{E0F43B88-8FE8-411D-998E-54D9DF6DC71E}.Debug|Any CPU.ActiveCfg = Debug|Any CPU
		{E0F43B88-8FE8-411D-998E-54D9DF6DC71E}.Debug|Any CPU.Build.0 = Debug|Any CPU
		{E0F43B88-8FE8-411D-998E-54D9DF6DC71E}.Release|Any CPU.ActiveCfg = Release|Any CPU
		{E0F43B88-8FE8-411D-998E-54D9DF6DC71E}.Release|Any CPU.Build.0 = Release|Any CPU
	EndGlobalSection
	GlobalSection(SolutionProperties) = preSolution
		HideSolutionNode = FALSE
	EndGlobalSection
	GlobalSection(ExtensibilityGlobals) = postSolution
		SolutionGuid = {BF361F7B-C702-4354-9787-23DFECB10FD2}
	EndGlobalSection
EndGlobal
